
Microsoft Visual Studio Solution File, Format Version 12.00
# Visual Studio Version 17
VisualStudioVersion = 17.13.35913.81 d17.13
MinimumVisualStudioVersion = 10.0.40219.1
Project("{FAE04EC0-301F-11D3-BF4B-00C04F79EFBC}") = "simulationLife", "simulationLife\simulationLife.csproj", "{298EC053-B504-4323-AB2E-46C37D7B8C2D}"
EndProject
Global
	GlobalSection(SolutionConfigurationPlatforms) = preSolution
		Debug|Any CPU = Debug|Any CPU
		Release|Any CPU = Release|Any CPU
	EndGlobalSection
	GlobalSection(ProjectConfigurationPlatforms) = postSolution
		{298EC053-B504-4323-AB2E-46C37D7B8C2D}.Debug|Any CPU.ActiveCfg = Debug|Any CPU
		{298EC053-B504-4323-AB2E-46C37D7B8C2D}.Debug|Any CPU.Build.0 = Debug|Any CPU
		{298EC053-B504-4323-AB2E-46C37D7B8C2D}.Release|Any CPU.ActiveCfg = Release|Any CPU
		{298EC053-B504-4323-AB2E-46C37D7B8C2D}.Release|Any CPU.Build.0 = Release|Any CPU
	EndGlobalSection
	GlobalSection(SolutionProperties) = preSolution
		HideSolutionNode = FALSE
	EndGlobalSection
	GlobalSection(ExtensibilityGlobals) = postSolution
		SolutionGuid = {08F745E1-BBA2-4867-AECE-3E4C2C74E6F3}
	EndGlobalSection
EndGlobal
